// !$*UTF8*$!
{
	archiveVersion = 1;
	classes = {
	};
	objectVersion = 46;
	objects = {

/* Begin PBXBuildFile section */
		812E2ACE1C37893F0007F852 /* AppDelegate.swift in Sources */ = {isa = PBXBuildFile; fileRef = 812E2ACD1C37893F0007F852 /* AppDelegate.swift */; };
		812E2AD31C37893F0007F852 /* Main.storyboard in Resources */ = {isa = PBXBuildFile; fileRef = 812E2AD11C37893F0007F852 /* Main.storyboard */; };
		812E2AD61C37893F0007F852 /* YouPlay_iOS.xcdatamodeld in Sources */ = {isa = PBXBuildFile; fileRef = 812E2AD41C37893F0007F852 /* YouPlay_iOS.xcdatamodeld */; };
		812E2AD81C37893F0007F852 /* Assets.xcassets in Resources */ = {isa = PBXBuildFile; fileRef = 812E2AD71C37893F0007F852 /* Assets.xcassets */; };
		812E2ADB1C37893F0007F852 /* LaunchScreen.storyboard in Resources */ = {isa = PBXBuildFile; fileRef = 812E2AD91C37893F0007F852 /* LaunchScreen.storyboard */; };
		815476431C3A83380075706E /* YouPlayItem.swift in Sources */ = {isa = PBXBuildFile; fileRef = 815476421C3A83380075706E /* YouPlayItem.swift */; };
		815476441C3A845F0075706E /* Alamofire.framework in Frameworks */ = {isa = PBXBuildFile; fileRef = 8154761A1C3A7E140075706E /* Alamofire.framework */; };
		815476451C3A845F0075706E /* Alamofire.framework in Embed Frameworks */ = {isa = PBXBuildFile; fileRef = 8154761A1C3A7E140075706E /* Alamofire.framework */; settings = {ATTRIBUTES = (CodeSignOnCopy, RemoveHeadersOnCopy, ); }; };
		815476601C3B9CB90075706E /* SwiftyJSON.swift in Sources */ = {isa = PBXBuildFile; fileRef = 8154765E1C3B9CB80075706E /* SwiftyJSON.swift */; };
		815476611C3B9CB90075706E /* XCGLogger.swift in Sources */ = {isa = PBXBuildFile; fileRef = 8154765F1C3B9CB80075706E /* XCGLogger.swift */; };
		815476771C3BAA300075706E /* SnapKit.framework in Frameworks */ = {isa = PBXBuildFile; fileRef = 815476701C3BAA270075706E /* SnapKit.framework */; };
		815476781C3BAA300075706E /* SnapKit.framework in Embed Frameworks */ = {isa = PBXBuildFile; fileRef = 815476701C3BAA270075706E /* SnapKit.framework */; settings = {ATTRIBUTES = (CodeSignOnCopy, RemoveHeadersOnCopy, ); }; };
		815476801C3BB58E0075706E /* UIImage+BlurredFrame.m in Sources */ = {isa = PBXBuildFile; fileRef = 8154767D1C3BB58E0075706E /* UIImage+BlurredFrame.m */; };
		815476811C3BB58E0075706E /* UIImage+ImageEffects.m in Sources */ = {isa = PBXBuildFile; fileRef = 8154767F1C3BB58E0075706E /* UIImage+ImageEffects.m */; };
		8154768A1C3BBD9C0075706E /* Util.swift in Sources */ = {isa = PBXBuildFile; fileRef = 815476891C3BBD9C0075706E /* Util.swift */; };
		8154768C1C3BDD2D0075706E /* DetailCollectionViewController.swift in Sources */ = {isa = PBXBuildFile; fileRef = 8154768B1C3BDD2D0075706E /* DetailCollectionViewController.swift */; };
		8167FBDA1C3C0148005F929B /* MovieListViewController.swift in Sources */ = {isa = PBXBuildFile; fileRef = 8167FBD91C3C0148005F929B /* MovieListViewController.swift */; };
		8167FBE51C3C16CE005F929B /* PhotoOperations.swift in Sources */ = {isa = PBXBuildFile; fileRef = 8167FBE41C3C16CE005F929B /* PhotoOperations.swift */; };
		816C74B91C427905006A1E34 /* PlayerViewController.swift in Sources */ = {isa = PBXBuildFile; fileRef = 816C74B81C427905006A1E34 /* PlayerViewController.swift */; };
/* End PBXBuildFile section */

/* Begin PBXContainerItemProxy section */
		815476191C3A7E140075706E /* PBXContainerItemProxy */ = {
			isa = PBXContainerItemProxy;
			containerPortal = 8154760F1C3A7E140075706E /* Alamofire.xcodeproj */;
			proxyType = 2;
			remoteGlobalIDString = F8111E3319A95C8B0040E7D1;
			remoteInfo = "Alamofire iOS";
		};
		8154761B1C3A7E140075706E /* PBXContainerItemProxy */ = {
			isa = PBXContainerItemProxy;
			containerPortal = 8154760F1C3A7E140075706E /* Alamofire.xcodeproj */;
			proxyType = 2;
			remoteGlobalIDString = F8111E3E19A95C8B0040E7D1;
			remoteInfo = "Alamofire iOS Tests";
		};
		8154761D1C3A7E140075706E /* PBXContainerItemProxy */ = {
			isa = PBXContainerItemProxy;
			containerPortal = 8154760F1C3A7E140075706E /* Alamofire.xcodeproj */;
			proxyType = 2;
			remoteGlobalIDString = 4DD67C0B1A5C55C900ED2280;
			remoteInfo = "Alamofire OSX";
		};
		8154761F1C3A7E140075706E /* PBXContainerItemProxy */ = {
			isa = PBXContainerItemProxy;
			containerPortal = 8154760F1C3A7E140075706E /* Alamofire.xcodeproj */;
			proxyType = 2;
			remoteGlobalIDString = F829C6B21A7A94F100A2CD59;
			remoteInfo = "Alamofire OSX Tests";
		};
		815476211C3A7E140075706E /* PBXContainerItemProxy */ = {
			isa = PBXContainerItemProxy;
			containerPortal = 8154760F1C3A7E140075706E /* Alamofire.xcodeproj */;
			proxyType = 2;
			remoteGlobalIDString = 4CF626EF1BA7CB3E0011A099;
			remoteInfo = "Alamofire tvOS";
		};
		815476231C3A7E140075706E /* PBXContainerItemProxy */ = {
			isa = PBXContainerItemProxy;
			containerPortal = 8154760F1C3A7E140075706E /* Alamofire.xcodeproj */;
			proxyType = 2;
			remoteGlobalIDString = 4CF626F81BA7CB3E0011A099;
			remoteInfo = "Alamofire tvOS Tests";
		};
		815476251C3A7E140075706E /* PBXContainerItemProxy */ = {
			isa = PBXContainerItemProxy;
			containerPortal = 8154760F1C3A7E140075706E /* Alamofire.xcodeproj */;
			proxyType = 2;
			remoteGlobalIDString = E4202FE01B667AA100C997FB;
			remoteInfo = "Alamofire watchOS";
		};
		815476461C3A845F0075706E /* PBXContainerItemProxy */ = {
			isa = PBXContainerItemProxy;
			containerPortal = 8154760F1C3A7E140075706E /* Alamofire.xcodeproj */;
			proxyType = 1;
			remoteGlobalIDString = F8111E3219A95C8B0040E7D1;
			remoteInfo = "Alamofire iOS";
		};
		8154766F1C3BAA270075706E /* PBXContainerItemProxy */ = {
			isa = PBXContainerItemProxy;
			containerPortal = 815476681C3BAA270075706E /* SnapKit.xcodeproj */;
			proxyType = 2;
			remoteGlobalIDString = EEBCC9D819CC627D0083B827;
			remoteInfo = "SnapKit iOS";
		};
		815476711C3BAA270075706E /* PBXContainerItemProxy */ = {
			isa = PBXContainerItemProxy;
			containerPortal = 815476681C3BAA270075706E /* SnapKit.xcodeproj */;
			proxyType = 2;
			remoteGlobalIDString = EECDB37A1AC0C9D4006BBC11;
			remoteInfo = "SnapKit OSX";
		};
		815476731C3BAA270075706E /* PBXContainerItemProxy */ = {
			isa = PBXContainerItemProxy;
			containerPortal = 815476681C3BAA270075706E /* SnapKit.xcodeproj */;
			proxyType = 2;
			remoteGlobalIDString = EEBCC9E219CC627E0083B827;
			remoteInfo = "SnapKit iOS Tests";
		};
		815476751C3BAA270075706E /* PBXContainerItemProxy */ = {
			isa = PBXContainerItemProxy;
			containerPortal = 815476681C3BAA270075706E /* SnapKit.xcodeproj */;
			proxyType = 2;
			remoteGlobalIDString = EECDB3841AC0C9D4006BBC11;
			remoteInfo = "SnapKit OSX Tests";
		};
		815476791C3BAA300075706E /* PBXContainerItemProxy */ = {
			isa = PBXContainerItemProxy;
			containerPortal = 815476681C3BAA270075706E /* SnapKit.xcodeproj */;
			proxyType = 1;
			remoteGlobalIDString = EEBCC9D719CC627D0083B827;
			remoteInfo = "SnapKit iOS";
		};
/* End PBXContainerItemProxy section */

/* Begin PBXCopyFilesBuildPhase section */
		8154763D1C3A80DE0075706E /* Embed Frameworks */ = {
			isa = PBXCopyFilesBuildPhase;
			buildActionMask = 2147483647;
			dstPath = "";
			dstSubfolderSpec = 10;
			files = (
				815476451C3A845F0075706E /* Alamofire.framework in Embed Frameworks */,
				815476781C3BAA300075706E /* SnapKit.framework in Embed Frameworks */,
			);
			name = "Embed Frameworks";
			runOnlyForDeploymentPostprocessing = 0;
		};
/* End PBXCopyFilesBuildPhase section */

/* Begin PBXFileReference section */
		812E2ACA1C37893F0007F852 /* YouPlay-iOS.app */ = {isa = PBXFileReference; explicitFileType = wrapper.application; includeInIndex = 0; path = "YouPlay-iOS.app"; sourceTree = BUILT_PRODUCTS_DIR; };
		812E2ACD1C37893F0007F852 /* AppDelegate.swift */ = {isa = PBXFileReference; lastKnownFileType = sourcecode.swift; path = AppDelegate.swift; sourceTree = "<group>"; };
		812E2AD21C37893F0007F852 /* Base */ = {isa = PBXFileReference; lastKnownFileType = file.storyboard; name = Base; path = Base.lproj/Main.storyboard; sourceTree = "<group>"; };
		812E2AD51C37893F0007F852 /* YouPlay_iOS.xcdatamodel */ = {isa = PBXFileReference; lastKnownFileType = wrapper.xcdatamodel; path = YouPlay_iOS.xcdatamodel; sourceTree = "<group>"; };
		812E2AD71C37893F0007F852 /* Assets.xcassets */ = {isa = PBXFileReference; lastKnownFileType = folder.assetcatalog; path = Assets.xcassets; sourceTree = "<group>"; };
		812E2ADA1C37893F0007F852 /* Base */ = {isa = PBXFileReference; lastKnownFileType = file.storyboard; name = Base; path = Base.lproj/LaunchScreen.storyboard; sourceTree = "<group>"; };
		812E2ADC1C37893F0007F852 /* Info.plist */ = {isa = PBXFileReference; lastKnownFileType = text.plist.xml; path = Info.plist; sourceTree = "<group>"; };
		8154760F1C3A7E140075706E /* Alamofire.xcodeproj */ = {isa = PBXFileReference; lastKnownFileType = "wrapper.pb-project"; name = Alamofire.xcodeproj; path = Alamofire/Alamofire.xcodeproj; sourceTree = SOURCE_ROOT; };
		815476421C3A83380075706E /* YouPlayItem.swift */ = {isa = PBXFileReference; fileEncoding = 4; lastKnownFileType = sourcecode.swift; path = YouPlayItem.swift; sourceTree = "<group>"; };
		8154765E1C3B9CB80075706E /* SwiftyJSON.swift */ = {isa = PBXFileReference; fileEncoding = 4; lastKnownFileType = sourcecode.swift; path = SwiftyJSON.swift; sourceTree = "<group>"; };
		8154765F1C3B9CB80075706E /* XCGLogger.swift */ = {isa = PBXFileReference; fileEncoding = 4; lastKnownFileType = sourcecode.swift; path = XCGLogger.swift; sourceTree = "<group>"; };
		815476681C3BAA270075706E /* SnapKit.xcodeproj */ = {isa = PBXFileReference; lastKnownFileType = "wrapper.pb-project"; name = SnapKit.xcodeproj; path = SnapKit/SnapKit.xcodeproj; sourceTree = SOURCE_ROOT; };
		8154767C1C3BB58E0075706E /* UIImage+BlurredFrame.h */ = {isa = PBXFileReference; fileEncoding = 4; lastKnownFileType = sourcecode.c.h; path = "UIImage+BlurredFrame.h"; sourceTree = "<group>"; };
		8154767D1C3BB58E0075706E /* UIImage+BlurredFrame.m */ = {isa = PBXFileReference; fileEncoding = 4; lastKnownFileType = sourcecode.c.objc; path = "UIImage+BlurredFrame.m"; sourceTree = "<group>"; };
		8154767E1C3BB58E0075706E /* UIImage+ImageEffects.h */ = {isa = PBXFileReference; fileEncoding = 4; lastKnownFileType = sourcecode.c.h; path = "UIImage+ImageEffects.h"; sourceTree = "<group>"; };
		8154767F1C3BB58E0075706E /* UIImage+ImageEffects.m */ = {isa = PBXFileReference; fileEncoding = 4; lastKnownFileType = sourcecode.c.objc; path = "UIImage+ImageEffects.m"; sourceTree = "<group>"; };
		815476881C3BB61E0075706E /* YouPlay-iOS-Bridging-Header.h */ = {isa = PBXFileReference; lastKnownFileType = sourcecode.c.h; path = "YouPlay-iOS-Bridging-Header.h"; sourceTree = "<group>"; };
		815476891C3BBD9C0075706E /* Util.swift */ = {isa = PBXFileReference; fileEncoding = 4; lastKnownFileType = sourcecode.swift; path = Util.swift; sourceTree = "<group>"; };
		8154768B1C3BDD2D0075706E /* DetailCollectionViewController.swift */ = {isa = PBXFileReference; fileEncoding = 4; lastKnownFileType = sourcecode.swift; path = DetailCollectionViewController.swift; sourceTree = "<group>"; };
		8167FBD91C3C0148005F929B /* MovieListViewController.swift */ = {isa = PBXFileReference; fileEncoding = 4; lastKnownFileType = sourcecode.swift; path = MovieListViewController.swift; sourceTree = "<group>"; };
		8167FBE41C3C16CE005F929B /* PhotoOperations.swift */ = {isa = PBXFileReference; fileEncoding = 4; lastKnownFileType = sourcecode.swift; path = PhotoOperations.swift; sourceTree = "<group>"; };
		816C74B81C427905006A1E34 /* PlayerViewController.swift */ = {isa = PBXFileReference; fileEncoding = 4; lastKnownFileType = sourcecode.swift; path = PlayerViewController.swift; sourceTree = "<group>"; };
/* End PBXFileReference section */

/* Begin PBXFrameworksBuildPhase section */
		812E2AC71C37893F0007F852 /* Frameworks */ = {
			isa = PBXFrameworksBuildPhase;
			buildActionMask = 2147483647;
			files = (
				815476441C3A845F0075706E /* Alamofire.framework in Frameworks */,
				815476771C3BAA300075706E /* SnapKit.framework in Frameworks */,
			);
			runOnlyForDeploymentPostprocessing = 0;
		};
/* End PBXFrameworksBuildPhase section */

/* Begin PBXGroup section */
		812E2AC11C37893F0007F852 = {
			isa = PBXGroup;
			children = (
				812E2ACC1C37893F0007F852 /* YouPlay-iOS */,
				812E2ACB1C37893F0007F852 /* Products */,
			);
			sourceTree = "<group>";
		};
		812E2ACB1C37893F0007F852 /* Products */ = {
			isa = PBXGroup;
			children = (
				812E2ACA1C37893F0007F852 /* YouPlay-iOS.app */,
			);
			name = Products;
			sourceTree = "<group>";
		};
		812E2ACC1C37893F0007F852 /* YouPlay-iOS */ = {
			isa = PBXGroup;
			children = (
				8154760C1C3A796C0075706E /* Frameworks */,
				8154760A1C3A79470075706E /* Resources */,
				8154760B1C3A79600075706E /* Classes */,
			);
			path = "YouPlay-iOS";
			sourceTree = "<group>";
		};
		8154760A1C3A79470075706E /* Resources */ = {
			isa = PBXGroup;
			children = (
				812E2AD41C37893F0007F852 /* YouPlay_iOS.xcdatamodeld */,
				812E2ADC1C37893F0007F852 /* Info.plist */,
				812E2AD71C37893F0007F852 /* Assets.xcassets */,
				812E2AD11C37893F0007F852 /* Main.storyboard */,
				812E2AD91C37893F0007F852 /* LaunchScreen.storyboard */,
				815476881C3BB61E0075706E /* YouPlay-iOS-Bridging-Header.h */,
			);
			name = Resources;
			sourceTree = "<group>";
		};
		8154760B1C3A79600075706E /* Classes */ = {
			isa = PBXGroup;
			children = (
				8154765E1C3B9CB80075706E /* SwiftyJSON.swift */,
				8154765F1C3B9CB80075706E /* XCGLogger.swift */,
				812E2ACD1C37893F0007F852 /* AppDelegate.swift */,
				815476421C3A83380075706E /* YouPlayItem.swift */,
				815476891C3BBD9C0075706E /* Util.swift */,
				8154768B1C3BDD2D0075706E /* DetailCollectionViewController.swift */,
				8167FBD91C3C0148005F929B /* MovieListViewController.swift */,
				8167FBE41C3C16CE005F929B /* PhotoOperations.swift */,
				816C74B81C427905006A1E34 /* PlayerViewController.swift */,
			);
			name = Classes;
			sourceTree = "<group>";
		};
		8154760C1C3A796C0075706E /* Frameworks */ = {
			isa = PBXGroup;
			children = (
				8154767B1C3BB58E0075706E /* UIImage+BlurredFrame */,
				815476681C3BAA270075706E /* SnapKit.xcodeproj */,
				8154760F1C3A7E140075706E /* Alamofire.xcodeproj */,
			);
			name = Frameworks;
			sourceTree = "<group>";
		};
		815476101C3A7E140075706E /* Products */ = {
			isa = PBXGroup;
			children = (
				8154761A1C3A7E140075706E /* Alamofire.framework */,
				8154761C1C3A7E140075706E /* Alamofire iOS Tests.xctest */,
				8154761E1C3A7E140075706E /* Alamofire.framework */,
				815476201C3A7E140075706E /* Alamofire OSX Tests.xctest */,
				815476221C3A7E140075706E /* Alamofire.framework */,
				815476241C3A7E140075706E /* Alamofire tvOS Tests.xctest */,
				815476261C3A7E140075706E /* Alamofire.framework */,
			);
			name = Products;
			sourceTree = "<group>";
		};
		815476691C3BAA270075706E /* Products */ = {
			isa = PBXGroup;
			children = (
				815476701C3BAA270075706E /* SnapKit.framework */,
				815476721C3BAA270075706E /* SnapKit.framework */,
				815476741C3BAA270075706E /* SnapKit iOS Tests.xctest */,
				815476761C3BAA270075706E /* SnapKit OSX Tests.xctest */,
			);
			name = Products;
			sourceTree = "<group>";
		};
		8154767B1C3BB58E0075706E /* UIImage+BlurredFrame */ = {
			isa = PBXGroup;
			children = (
				8154767C1C3BB58E0075706E /* UIImage+BlurredFrame.h */,
				8154767D1C3BB58E0075706E /* UIImage+BlurredFrame.m */,
				8154767E1C3BB58E0075706E /* UIImage+ImageEffects.h */,
				8154767F1C3BB58E0075706E /* UIImage+ImageEffects.m */,
			);
			path = "UIImage+BlurredFrame";
			sourceTree = "<group>";
		};
/* End PBXGroup section */

/* Begin PBXNativeTarget section */
		812E2AC91C37893F0007F852 /* YouPlay-iOS */ = {
			isa = PBXNativeTarget;
			buildConfigurationList = 812E2ADF1C37893F0007F852 /* Build configuration list for PBXNativeTarget "YouPlay-iOS" */;
			buildPhases = (
				812E2AC61C37893F0007F852 /* Sources */,
				812E2AC71C37893F0007F852 /* Frameworks */,
				812E2AC81C37893F0007F852 /* Resources */,
				8154763D1C3A80DE0075706E /* Embed Frameworks */,
			);
			buildRules = (
			);
			dependencies = (
				815476471C3A845F0075706E /* PBXTargetDependency */,
				8154767A1C3BAA300075706E /* PBXTargetDependency */,
			);
			name = "YouPlay-iOS";
			productName = "YouPlay-iOS";
			productReference = 812E2ACA1C37893F0007F852 /* YouPlay-iOS.app */;
			productType = "com.apple.product-type.application";
		};
/* End PBXNativeTarget section */

/* Begin PBXProject section */
		812E2AC21C37893F0007F852 /* Project object */ = {
			isa = PBXProject;
			attributes = {
				LastSwiftUpdateCheck = 0720;
				LastUpgradeCheck = 0720;
				ORGANIZATIONNAME = wujianguo;
				TargetAttributes = {
					812E2AC91C37893F0007F852 = {
						CreatedOnToolsVersion = 7.2;
					};
				};
			};
			buildConfigurationList = 812E2AC51C37893F0007F852 /* Build configuration list for PBXProject "YouPlay-iOS" */;
			compatibilityVersion = "Xcode 3.2";
			developmentRegion = English;
			hasScannedForEncodings = 0;
			knownRegions = (
				en,
				Base,
			);
			mainGroup = 812E2AC11C37893F0007F852;
			productRefGroup = 812E2ACB1C37893F0007F852 /* Products */;
			projectDirPath = "";
			projectReferences = (
				{
					ProductGroup = 815476101C3A7E140075706E /* Products */;
					ProjectRef = 8154760F1C3A7E140075706E /* Alamofire.xcodeproj */;
				},
				{
					ProductGroup = 815476691C3BAA270075706E /* Products */;
					ProjectRef = 815476681C3BAA270075706E /* SnapKit.xcodeproj */;
				},
			);
			projectRoot = "";
			targets = (
				812E2AC91C37893F0007F852 /* YouPlay-iOS */,
			);
		};
/* End PBXProject section */

/* Begin PBXReferenceProxy section */
		8154761A1C3A7E140075706E /* Alamofire.framework */ = {
			isa = PBXReferenceProxy;
			fileType = wrapper.framework;
			path = Alamofire.framework;
			remoteRef = 815476191C3A7E140075706E /* PBXContainerItemProxy */;
			sourceTree = BUILT_PRODUCTS_DIR;
		};
		8154761C1C3A7E140075706E /* Alamofire iOS Tests.xctest */ = {
			isa = PBXReferenceProxy;
			fileType = wrapper.cfbundle;
			path = "Alamofire iOS Tests.xctest";
			remoteRef = 8154761B1C3A7E140075706E /* PBXContainerItemProxy */;
			sourceTree = BUILT_PRODUCTS_DIR;
		};
		8154761E1C3A7E140075706E /* Alamofire.framework */ = {
			isa = PBXReferenceProxy;
			fileType = wrapper.framework;
			path = Alamofire.framework;
			remoteRef = 8154761D1C3A7E140075706E /* PBXContainerItemProxy */;
			sourceTree = BUILT_PRODUCTS_DIR;
		};
		815476201C3A7E140075706E /* Alamofire OSX Tests.xctest */ = {
			isa = PBXReferenceProxy;
			fileType = wrapper.cfbundle;
			path = "Alamofire OSX Tests.xctest";
			remoteRef = 8154761F1C3A7E140075706E /* PBXContainerItemProxy */;
			sourceTree = BUILT_PRODUCTS_DIR;
		};
		815476221C3A7E140075706E /* Alamofire.framework */ = {
			isa = PBXReferenceProxy;
			fileType = wrapper.framework;
			path = Alamofire.framework;
			remoteRef = 815476211C3A7E140075706E /* PBXContainerItemProxy */;
			sourceTree = BUILT_PRODUCTS_DIR;
		};
		815476241C3A7E140075706E /* Alamofire tvOS Tests.xctest */ = {
			isa = PBXReferenceProxy;
			fileType = wrapper.cfbundle;
			path = "Alamofire tvOS Tests.xctest";
			remoteRef = 815476231C3A7E140075706E /* PBXContainerItemProxy */;
			sourceTree = BUILT_PRODUCTS_DIR;
		};
		815476261C3A7E140075706E /* Alamofire.framework */ = {
			isa = PBXReferenceProxy;
			fileType = wrapper.framework;
			path = Alamofire.framework;
			remoteRef = 815476251C3A7E140075706E /* PBXContainerItemProxy */;
			sourceTree = BUILT_PRODUCTS_DIR;
		};
		815476701C3BAA270075706E /* SnapKit.framework */ = {
			isa = PBXReferenceProxy;
			fileType = wrapper.framework;
			path = SnapKit.framework;
			remoteRef = 8154766F1C3BAA270075706E /* PBXContainerItemProxy */;
			sourceTree = BUILT_PRODUCTS_DIR;
		};
		815476721C3BAA270075706E /* SnapKit.framework */ = {
			isa = PBXReferenceProxy;
			fileType = wrapper.framework;
			path = SnapKit.framework;
			remoteRef = 815476711C3BAA270075706E /* PBXContainerItemProxy */;
			sourceTree = BUILT_PRODUCTS_DIR;
		};
		815476741C3BAA270075706E /* SnapKit iOS Tests.xctest */ = {
			isa = PBXReferenceProxy;
			fileType = wrapper.cfbundle;
			path = "SnapKit iOS Tests.xctest";
			remoteRef = 815476731C3BAA270075706E /* PBXContainerItemProxy */;
			sourceTree = BUILT_PRODUCTS_DIR;
		};
		815476761C3BAA270075706E /* SnapKit OSX Tests.xctest */ = {
			isa = PBXReferenceProxy;
			fileType = wrapper.cfbundle;
			path = "SnapKit OSX Tests.xctest";
			remoteRef = 815476751C3BAA270075706E /* PBXContainerItemProxy */;
			sourceTree = BUILT_PRODUCTS_DIR;
		};
/* End PBXReferenceProxy section */

/* Begin PBXResourcesBuildPhase section */
		812E2AC81C37893F0007F852 /* Resources */ = {
			isa = PBXResourcesBuildPhase;
			buildActionMask = 2147483647;
			files = (
				812E2ADB1C37893F0007F852 /* LaunchScreen.storyboard in Resources */,
				812E2AD81C37893F0007F852 /* Assets.xcassets in Resources */,
				812E2AD31C37893F0007F852 /* Main.storyboard in Resources */,
			);
			runOnlyForDeploymentPostprocessing = 0;
		};
/* End PBXResourcesBuildPhase section */

/* Begin PBXSourcesBuildPhase section */
		812E2AC61C37893F0007F852 /* Sources */ = {
			isa = PBXSourcesBuildPhase;
			buildActionMask = 2147483647;
			files = (
				815476811C3BB58E0075706E /* UIImage+ImageEffects.m in Sources */,
				8154768C1C3BDD2D0075706E /* DetailCollectionViewController.swift in Sources */,
				8154768A1C3BBD9C0075706E /* Util.swift in Sources */,
				8167FBE51C3C16CE005F929B /* PhotoOperations.swift in Sources */,
				815476801C3BB58E0075706E /* UIImage+BlurredFrame.m in Sources */,
				816C74B91C427905006A1E34 /* PlayerViewController.swift in Sources */,
				815476431C3A83380075706E /* YouPlayItem.swift in Sources */,
				815476611C3B9CB90075706E /* XCGLogger.swift in Sources */,
				8167FBDA1C3C0148005F929B /* MovieListViewController.swift in Sources */,
				812E2ACE1C37893F0007F852 /* AppDelegate.swift in Sources */,
				815476601C3B9CB90075706E /* SwiftyJSON.swift in Sources */,
				812E2AD61C37893F0007F852 /* YouPlay_iOS.xcdatamodeld in Sources */,
			);
			runOnlyForDeploymentPostprocessing = 0;
		};
/* End PBXSourcesBuildPhase section */

/* Begin PBXTargetDependency section */
		815476471C3A845F0075706E /* PBXTargetDependency */ = {
			isa = PBXTargetDependency;
			name = "Alamofire iOS";
			targetProxy = 815476461C3A845F0075706E /* PBXContainerItemProxy */;
		};
		8154767A1C3BAA300075706E /* PBXTargetDependency */ = {
			isa = PBXTargetDependency;
			name = "SnapKit iOS";
			targetProxy = 815476791C3BAA300075706E /* PBXContainerItemProxy */;
		};
/* End PBXTargetDependency section */

/* Begin PBXVariantGroup section */
		812E2AD11C37893F0007F852 /* Main.storyboard */ = {
			isa = PBXVariantGroup;
			children = (
				812E2AD21C37893F0007F852 /* Base */,
			);
			name = Main.storyboard;
			sourceTree = "<group>";
		};
		812E2AD91C37893F0007F852 /* LaunchScreen.storyboard */ = {
			isa = PBXVariantGroup;
			children = (
				812E2ADA1C37893F0007F852 /* Base */,
			);
			name = LaunchScreen.storyboard;
			sourceTree = "<group>";
		};
/* End PBXVariantGroup section */

/* Begin XCBuildConfiguration section */
		812E2ADD1C37893F0007F852 /* Debug */ = {
			isa = XCBuildConfiguration;
			buildSettings = {
				ALWAYS_SEARCH_USER_PATHS = NO;
				CLANG_CXX_LANGUAGE_STANDARD = "gnu++0x";
				CLANG_CXX_LIBRARY = "libc++";
				CLANG_ENABLE_MODULES = YES;
				CLANG_ENABLE_OBJC_ARC = YES;
				CLANG_WARN_BOOL_CONVERSION = YES;
				CLANG_WARN_CONSTANT_CONVERSION = YES;
				CLANG_WARN_DIRECT_OBJC_ISA_USAGE = YES_ERROR;
				CLANG_WARN_EMPTY_BODY = YES;
				CLANG_WARN_ENUM_CONVERSION = YES;
				CLANG_WARN_INT_CONVERSION = YES;
				CLANG_WARN_OBJC_ROOT_CLASS = YES_ERROR;
				CLANG_WARN_UNREACHABLE_CODE = YES;
				CLANG_WARN__DUPLICATE_METHOD_MATCH = YES;
				"CODE_SIGN_IDENTITY[sdk=iphoneos*]" = "iPhone Developer";
				COPY_PHASE_STRIP = NO;
				DEBUG_INFORMATION_FORMAT = dwarf;
				ENABLE_STRICT_OBJC_MSGSEND = YES;
				ENABLE_TESTABILITY = YES;
				GCC_C_LANGUAGE_STANDARD = gnu99;
				GCC_DYNAMIC_NO_PIC = NO;
				GCC_NO_COMMON_BLOCKS = YES;
				GCC_OPTIMIZATION_LEVEL = 0;
				GCC_PREPROCESSOR_DEFINITIONS = (
					"DEBUG=1",
					"$(inherited)",
				);
				GCC_WARN_64_TO_32_BIT_CONVERSION = YES;
				GCC_WARN_ABOUT_RETURN_TYPE = YES_ERROR;
				GCC_WARN_UNDECLARED_SELECTOR = YES;
				GCC_WARN_UNINITIALIZED_AUTOS = YES_AGGRESSIVE;
				GCC_WARN_UNUSED_FUNCTION = YES;
				GCC_WARN_UNUSED_VARIABLE = YES;
				IPHONEOS_DEPLOYMENT_TARGET = 9.2;
				MTL_ENABLE_DEBUG_INFO = YES;
				ONLY_ACTIVE_ARCH = YES;
				SDKROOT = iphoneos;
				SWIFT_OPTIMIZATION_LEVEL = "-Onone";
				TARGETED_DEVICE_FAMILY = "1,2";
			};
			name = Debug;
		};
		812E2ADE1C37893F0007F852 /* Release */ = {
			isa = XCBuildConfiguration;
			buildSettings = {
				ALWAYS_SEARCH_USER_PATHS = NO;
				CLANG_CXX_LANGUAGE_STANDARD = "gnu++0x";
				CLANG_CXX_LIBRARY = "libc++";
				CLANG_ENABLE_MODULES = YES;
				CLANG_ENABLE_OBJC_ARC = YES;
				CLANG_WARN_BOOL_CONVERSION = YES;
				CLANG_WARN_CONSTANT_CONVERSION = YES;
				CLANG_WARN_DIRECT_OBJC_ISA_USAGE = YES_ERROR;
				CLANG_WARN_EMPTY_BODY = YES;
				CLANG_WARN_ENUM_CONVERSION = YES;
				CLANG_WARN_INT_CONVERSION = YES;
				CLANG_WARN_OBJC_ROOT_CLASS = YES_ERROR;
				CLANG_WARN_UNREACHABLE_CODE = YES;
				CLANG_WARN__DUPLICATE_METHOD_MATCH = YES;
				"CODE_SIGN_IDENTITY[sdk=iphoneos*]" = "iPhone Developer";
				COPY_PHASE_STRIP = NO;
				DEBUG_INFORMATION_FORMAT = "dwarf-with-dsym";
				ENABLE_NS_ASSERTIONS = NO;
				ENABLE_STRICT_OBJC_MSGSEND = YES;
				GCC_C_LANGUAGE_STANDARD = gnu99;
				GCC_NO_COMMON_BLOCKS = YES;
				GCC_WARN_64_TO_32_BIT_CONVERSION = YES;
				GCC_WARN_ABOUT_RETURN_TYPE = YES_ERROR;
				GCC_WARN_UNDECLARED_SELECTOR = YES;
				GCC_WARN_UNINITIALIZED_AUTOS = YES_AGGRESSIVE;
				GCC_WARN_UNUSED_FUNCTION = YES;
				GCC_WARN_UNUSED_VARIABLE = YES;
				IPHONEOS_DEPLOYMENT_TARGET = 9.2;
				MTL_ENABLE_DEBUG_INFO = NO;
				SDKROOT = iphoneos;
				TARGETED_DEVICE_FAMILY = "1,2";
				VALIDATE_PRODUCT = YES;
			};
			name = Release;
		};
		812E2AE01C37893F0007F852 /* Debug */ = {
			isa = XCBuildConfiguration;
			buildSettings = {
				ASSETCATALOG_COMPILER_APPICON_NAME = AppIcon;
				CODE_SIGN_IDENTITY = "iPhone Developer: estationwu@yeah.net (ZAKSP29RLG)";
				EMBEDDED_CONTENT_CONTAINS_SWIFT = YES;
				INFOPLIST_FILE = "YouPlay-iOS/Info.plist";
				LD_RUNPATH_SEARCH_PATHS = "$(inherited) @executable_path/Frameworks";
				PRODUCT_BUNDLE_IDENTIFIER = "org.wujianguo.YouPlay-iOS";
				PRODUCT_NAME = "$(TARGET_NAME)";
				PROVISIONING_PROFILE = "d902e266-3e7e-4481-ba49-bfa519ca5b49";
				SWIFT_OBJC_BRIDGING_HEADER = "YouPlay-iOS/YouPlay-iOS-Bridging-Header.h";
			};
			name = Debug;
		};
		812E2AE11C37893F0007F852 /* Release */ = {
			isa = XCBuildConfiguration;
			buildSettings = {
				ASSETCATALOG_COMPILER_APPICON_NAME = AppIcon;
				CODE_SIGN_IDENTITY = "iPhone Developer: estationwu@yeah.net (ZAKSP29RLG)";
				EMBEDDED_CONTENT_CONTAINS_SWIFT = YES;
				INFOPLIST_FILE = "YouPlay-iOS/Info.plist";
				LD_RUNPATH_SEARCH_PATHS = "$(inherited) @executable_path/Frameworks";
				PRODUCT_BUNDLE_IDENTIFIER = "org.wujianguo.YouPlay-iOS";
				PRODUCT_NAME = "$(TARGET_NAME)";
				PROVISIONING_PROFILE = "d902e266-3e7e-4481-ba49-bfa519ca5b49";
				SWIFT_OBJC_BRIDGING_HEADER = "YouPlay-iOS/YouPlay-iOS-Bridging-Header.h";
			};
			name = Release;
		};
/* End XCBuildConfiguration section */

/* Begin XCConfigurationList section */
		812E2AC51C37893F0007F852 /* Build configuration list for PBXProject "YouPlay-iOS" */ = {
			isa = XCConfigurationList;
			buildConfigurations = (
				812E2ADD1C37893F0007F852 /* Debug */,
				812E2ADE1C37893F0007F852 /* Release */,
			);
			defaultConfigurationIsVisible = 0;
			defaultConfigurationName = Release;
		};
		812E2ADF1C37893F0007F852 /* Build configuration list for PBXNativeTarget "YouPlay-iOS" */ = {
			isa = XCConfigurationList;
			buildConfigurations = (
				812E2AE01C37893F0007F852 /* Debug */,
				812E2AE11C37893F0007F852 /* Release */,
			);
			defaultConfigurationIsVisible = 0;
			defaultConfigurationName = Release;
		};
/* End XCConfigurationList section */

/* Begin XCVersionGroup section */
		812E2AD41C37893F0007F852 /* YouPlay_iOS.xcdatamodeld */ = {
			isa = XCVersionGroup;
			children = (
				812E2AD51C37893F0007F852 /* YouPlay_iOS.xcdatamodel */,
			);
			currentVersion = 812E2AD51C37893F0007F852 /* YouPlay_iOS.xcdatamodel */;
			path = YouPlay_iOS.xcdatamodeld;
			sourceTree = "<group>";
			versionGroupType = wrapper.xcdatamodel;
		};
/* End XCVersionGroup section */
	};
	rootObject = 812E2AC21C37893F0007F852 /* Project object */;
}
